{
  "version": 4,
  "terraform_version": "1.12.2",
  "serial": 26,
  "lineage": "86a204c0-e185-e8ee-6a38-9cb39d030c6f",
  "outputs": {
    "backend_internal_url": {
      "value": null,
      "type": "string"
    },
    "frontend_url": {
      "value": null,
      "type": "string"
    }
  },
  "resources": [
    {
      "mode": "managed",
      "type": "azurerm_container_app_environment",
      "name": "env",
      "provider": "provider[\"registry.terraform.io/hashicorp/azurerm\"]",
      "instances": [
        {
          "schema_version": 0,
          "attributes": {
            "custom_domain_verification_id": "D4DD87BEFF45F5FF51F36CEFC6A5234752E60D8FD7132820F155F3DC1FAAE991",
            "dapr_application_insights_connection_string": "",
            "default_domain": "lemonbeach-33e9b0c1.eastus.azurecontainerapps.io",
            "docker_bridge_cidr": "",
            "id": "/subscriptions/ee5d9b31-d0f2-4efa-a791-f158472f4c9b/resourceGroups/TradeMinutes-RG1/providers/Microsoft.App/managedEnvironments/trademinutes-env",
            "infrastructure_resource_group_name": "",
            "infrastructure_subnet_id": "",
            "internal_load_balancer_enabled": false,
            "location": "eastus",
            "log_analytics_workspace_id": "",
            "mutual_tls_enabled": false,
            "name": "trademinutes-env",
            "platform_reserved_cidr": "",
            "platform_reserved_dns_ip_address": "",
            "resource_group_name": "TradeMinutes-RG1",
            "static_ip_address": "172.212.11.146",
            "tags": null,
            "timeouts": null,
            "workload_profile": [
              {
                "maximum_count": null,
                "minimum_count": null,
                "name": "Consumption",
                "workload_profile_type": "Consumption"
              }
            ],
            "zone_redundancy_enabled": false
          },
          "sensitive_attributes": [
            [
              {
                "type": "get_attr",
                "value": "dapr_application_insights_connection_string"
              }
            ]
          ],
          "identity_schema_version": 0,
          "private": "eyJlMmJmYjczMC1lY2FhLTExZTYtOGY4OC0zNDM2M2JjN2M0YzAiOnsiY3JlYXRlIjoxODAwMDAwMDAwMDAwLCJkZWxldGUiOjE4MDAwMDAwMDAwMDAsInJlYWQiOjMwMDAwMDAwMDAwMCwidXBkYXRlIjoxODAwMDAwMDAwMDAwfX0=",
          "dependencies": [
            "azurerm_resource_group.main"
          ]
        }
      ]
    },
    {
      "mode": "managed",
      "type": "azurerm_container_registry",
      "name": "acr",
      "provider": "provider[\"registry.terraform.io/hashicorp/azurerm\"]",
      "instances": [
        {
          "schema_version": 2,
          "attributes": {
            "admin_enabled": false,
            "admin_password": "",
            "admin_username": "",
            "anonymous_pull_enabled": false,
            "data_endpoint_enabled": false,
            "encryption": [
              {
                "enabled": false,
                "identity_client_id": "",
                "key_vault_key_id": ""
              }
            ],
            "export_policy_enabled": true,
            "georeplications": [],
            "id": "/subscriptions/ee5d9b31-d0f2-4efa-a791-f158472f4c9b/resourceGroups/TradeMinutes-RG1/providers/Microsoft.ContainerRegistry/registries/trademinutesacr",
            "identity": [],
            "location": "eastus",
            "login_server": "trademinutesacr.azurecr.io",
            "name": "trademinutesacr",
            "network_rule_bypass_option": "AzureServices",
            "network_rule_set": [],
            "public_network_access_enabled": true,
            "quarantine_policy_enabled": false,
            "resource_group_name": "TradeMinutes-RG1",
            "retention_policy": [
              {
                "days": 7,
                "enabled": false
              }
            ],
            "sku": "Basic",
            "tags": null,
            "timeouts": null,
            "trust_policy": [
              {
                "enabled": false
              }
            ],
            "zone_redundancy_enabled": false
          },
          "sensitive_attributes": [
            [
              {
                "type": "get_attr",
                "value": "admin_password"
              }
            ]
          ],
          "identity_schema_version": 0,
          "private": "eyJlMmJmYjczMC1lY2FhLTExZTYtOGY4OC0zNDM2M2JjN2M0YzAiOnsiY3JlYXRlIjoxODAwMDAwMDAwMDAwLCJkZWxldGUiOjE4MDAwMDAwMDAwMDAsInJlYWQiOjMwMDAwMDAwMDAwMCwidXBkYXRlIjoxODAwMDAwMDAwMDAwfSwic2NoZW1hX3ZlcnNpb24iOiIyIn0=",
          "dependencies": [
            "azurerm_resource_group.main"
          ]
        }
      ]
    },
    {
      "mode": "managed",
      "type": "azurerm_resource_group",
      "name": "main",
      "provider": "provider[\"registry.terraform.io/hashicorp/azurerm\"]",
      "instances": [
        {
          "schema_version": 0,
          "attributes": {
            "id": "/subscriptions/ee5d9b31-d0f2-4efa-a791-f158472f4c9b/resourceGroups/TradeMinutes-RG1",
            "location": "eastus",
            "managed_by": "",
            "name": "TradeMinutes-RG1",
            "tags": null,
            "timeouts": null
          },
          "sensitive_attributes": [],
          "identity_schema_version": 0,
          "private": "eyJlMmJmYjczMC1lY2FhLTExZTYtOGY4OC0zNDM2M2JjN2M0YzAiOnsiY3JlYXRlIjo1NDAwMDAwMDAwMDAwLCJkZWxldGUiOjU0MDAwMDAwMDAwMDAsInJlYWQiOjMwMDAwMDAwMDAwMCwidXBkYXRlIjo1NDAwMDAwMDAwMDAwfX0="
        }
      ]
    },
    {
      "mode": "managed",
      "type": "azurerm_role_assignment",
      "name": "acr_pull",
      "provider": "provider[\"registry.terraform.io/hashicorp/azurerm\"]",
      "instances": [
        {
          "schema_version": 0,
          "attributes": {
            "condition": "",
            "condition_version": "",
            "delegated_managed_identity_resource_id": "",
            "description": "",
            "id": "/subscriptions/ee5d9b31-d0f2-4efa-a791-f158472f4c9b/resourceGroups/TradeMinutes-RG1/providers/Microsoft.ContainerRegistry/registries/trademinutesacr/providers/Microsoft.Authorization/roleAssignments/563ea3db-b9b9-5286-e8af-a320b58b386d",
            "name": "563ea3db-b9b9-5286-e8af-a320b58b386d",
            "principal_id": "eb7a2a1f-b571-40ce-8991-bdf26afe9d29",
            "principal_type": "ServicePrincipal",
            "role_definition_id": "/subscriptions/ee5d9b31-d0f2-4efa-a791-f158472f4c9b/providers/Microsoft.Authorization/roleDefinitions/7f951dda-4ed3-4680-a7ca-43fe172d538d",
            "role_definition_name": "AcrPull",
            "scope": "/subscriptions/ee5d9b31-d0f2-4efa-a791-f158472f4c9b/resourceGroups/TradeMinutes-RG1/providers/Microsoft.ContainerRegistry/registries/trademinutesacr",
            "skip_service_principal_aad_check": null,
            "timeouts": null
          },
          "sensitive_attributes": [],
          "identity_schema_version": 0,
          "private": "eyJlMmJmYjczMC1lY2FhLTExZTYtOGY4OC0zNDM2M2JjN2M0YzAiOnsiY3JlYXRlIjoxODAwMDAwMDAwMDAwLCJkZWxldGUiOjE4MDAwMDAwMDAwMDAsInJlYWQiOjMwMDAwMDAwMDAwMH19",
          "dependencies": [
            "azurerm_container_registry.acr",
            "azurerm_resource_group.main",
            "azurerm_user_assigned_identity.aca_uai"
          ]
        }
      ]
    },
    {
      "mode": "managed",
      "type": "azurerm_user_assigned_identity",
      "name": "aca_uai",
      "provider": "provider[\"registry.terraform.io/hashicorp/azurerm\"]",
      "instances": [
        {
          "schema_version": 1,
          "attributes": {
            "client_id": "ebb018d9-ad34-4c5d-bc09-15e9b9872e1b",
            "id": "/subscriptions/ee5d9b31-d0f2-4efa-a791-f158472f4c9b/resourceGroups/TradeMinutes-RG1/providers/Microsoft.ManagedIdentity/userAssignedIdentities/trademinutes-env-uai",
            "location": "eastus",
            "name": "trademinutes-env-uai",
            "principal_id": "eb7a2a1f-b571-40ce-8991-bdf26afe9d29",
            "resource_group_name": "TradeMinutes-RG1",
            "tags": null,
            "tenant_id": "ed27b597-cea0-4942-8c6f-40e6a78bf47d",
            "timeouts": null
          },
          "sensitive_attributes": [],
          "identity_schema_version": 0,
          "private": "eyJlMmJmYjczMC1lY2FhLTExZTYtOGY4OC0zNDM2M2JjN2M0YzAiOnsiY3JlYXRlIjoxODAwMDAwMDAwMDAwLCJkZWxldGUiOjE4MDAwMDAwMDAwMDAsInJlYWQiOjMwMDAwMDAwMDAwMCwidXBkYXRlIjoxODAwMDAwMDAwMDAwfSwic2NoZW1hX3ZlcnNpb24iOiIxIn0=",
          "dependencies": [
            "azurerm_resource_group.main"
          ]
        }
      ]
    }
  ],
  "check_results": null
}
